
Microsoft Visual Studio Solution File, Format Version 12.00
# Visual Studio Version 16
VisualStudioVersion = 16.0.31205.134
MinimumVisualStudioVersion = 10.0.40219.1
Project("{FAE04EC0-301F-11D3-BF4B-00C04F79EFBC}") = "HelloWoldWpfApp", "HelloWoldWpfApp\HelloWoldWpfApp.csproj", "{3BDCAD46-063B-49AF-8716-6ADB405B6D20}"
EndProject
Global
	GlobalSection(SolutionConfigurationPlatforms) = preSolution
		Debug|Any CPU = Debug|Any CPU
		Release|Any CPU = Release|Any CPU
	EndGlobalSection
	GlobalSection(ProjectConfigurationPlatforms) = postSolution
		{3BDCAD46-063B-49AF-8716-6ADB405B6D20}.Debug|Any CPU.ActiveCfg = Debug|Any CPU
		{3BDCAD46-063B-49AF-8716-6ADB405B6D20}.Debug|Any CPU.Build.0 = Debug|Any CPU
		{3BDCAD46-063B-49AF-8716-6ADB405B6D20}.Release|Any CPU.ActiveCfg = Release|Any CPU
		{3BDCAD46-063B-49AF-8716-6ADB405B6D20}.Release|Any CPU.Build.0 = Release|Any CPU
	EndGlobalSection
	GlobalSection(SolutionProperties) = preSolution
		HideSolutionNode = FALSE
	EndGlobalSection
	GlobalSection(ExtensibilityGlobals) = postSolution
		SolutionGuid = {FED0B456-A8F5-43E1-AD4C-8115D9101257}
	EndGlobalSection
EndGlobal
